
Microsoft Visual Studio Solution File, Format Version 12.00
# Visual Studio Version 17
VisualStudioVersion = 17.12.35527.113 d17.12
MinimumVisualStudioVersion = 10.0.40219.1
Project("{FAE04EC0-301F-11D3-BF4B-00C04F79EFBC}") = "OnlineStore.API", "OnlineStore.API\OnlineStore.API.csproj", "{826C78CA-E4D3-4BA5-98E4-711CCF644ED7}"
EndProject
Project("{FAE04EC0-301F-11D3-BF4B-00C04F79EFBC}") = "OnlineStore.Business", "OnlineStore.Business\OnlineStore.Business.csproj", "{AA3D011F-6724-4B4D-80FE-F80184DC4F2D}"
EndProject
Project("{FAE04EC0-301F-11D3-BF4B-00C04F79EFBC}") = "OnlineStore.Data", "OnlineStore.Data\OnlineStore.Data.csproj", "{6C8CE10B-EC3E-4627-86AB-81ACDD5078FD}"
EndProject
Global
	GlobalSection(SolutionConfigurationPlatforms) = preSolution
		Debug|Any CPU = Debug|Any CPU
		Release|Any CPU = Release|Any CPU
	EndGlobalSection
	GlobalSection(ProjectConfigurationPlatforms) = postSolution
		{826C78CA-E4D3-4BA5-98E4-711CCF644ED7}.Debug|Any CPU.ActiveCfg = Debug|Any CPU
		{826C78CA-E4D3-4BA5-98E4-711CCF644ED7}.Debug|Any CPU.Build.0 = Debug|Any CPU
		{826C78CA-E4D3-4BA5-98E4-711CCF644ED7}.Release|Any CPU.ActiveCfg = Release|Any CPU
		{826C78CA-E4D3-4BA5-98E4-711CCF644ED7}.Release|Any CPU.Build.0 = Release|Any CPU
		{AA3D011F-6724-4B4D-80FE-F80184DC4F2D}.Debug|Any CPU.ActiveCfg = Debug|Any CPU
		{AA3D011F-6724-4B4D-80FE-F80184DC4F2D}.Debug|Any CPU.Build.0 = Debug|Any CPU
		{AA3D011F-6724-4B4D-80FE-F80184DC4F2D}.Release|Any CPU.ActiveCfg = Release|Any CPU
		{AA3D011F-6724-4B4D-80FE-F80184DC4F2D}.Release|Any CPU.Build.0 = Release|Any CPU
		{6C8CE10B-EC3E-4627-86AB-81ACDD5078FD}.Debug|Any CPU.ActiveCfg = Debug|Any CPU
		{6C8CE10B-EC3E-4627-86AB-81ACDD5078FD}.Debug|Any CPU.Build.0 = Debug|Any CPU
		{6C8CE10B-EC3E-4627-86AB-81ACDD5078FD}.Release|Any CPU.ActiveCfg = Release|Any CPU
		{6C8CE10B-EC3E-4627-86AB-81ACDD5078FD}.Release|Any CPU.Build.0 = Release|Any CPU
	EndGlobalSection
	GlobalSection(SolutionProperties) = preSolution
		HideSolutionNode = FALSE
	EndGlobalSection
EndGlobal
